
Microsoft Visual Studio Solution File, Format Version 12.00
# Visual Studio 15
VisualStudioVersion = 15.0.28307.136
MinimumVisualStudioVersion = 10.0.40219.1
Project("{FAE04EC0-301F-11D3-BF4B-00C04F79EFBC}") = "CoffeeShop", "CoffeeShop\CoffeeShop.csproj", "{907B1B6B-C3B2-4846-BA16-4EA514651538}"
EndProject
Global
	GlobalSection(SolutionConfigurationPlatforms) = preSolution
		Debug|Any CPU = Debug|Any CPU
		Release|Any CPU = Release|Any CPU
	EndGlobalSection
	GlobalSection(ProjectConfigurationPlatforms) = postSolution
		{907B1B6B-C3B2-4846-BA16-4EA514651538}.Debug|Any CPU.ActiveCfg = Debug|Any CPU
		{907B1B6B-C3B2-4846-BA16-4EA514651538}.Debug|Any CPU.Build.0 = Debug|Any CPU
		{907B1B6B-C3B2-4846-BA16-4EA514651538}.Release|Any CPU.ActiveCfg = Release|Any CPU
		{907B1B6B-C3B2-4846-BA16-4EA514651538}.Release|Any CPU.Build.0 = Release|Any CPU
	EndGlobalSection
	GlobalSection(SolutionProperties) = preSolution
		HideSolutionNode = FALSE
	EndGlobalSection
	GlobalSection(ExtensibilityGlobals) = postSolution
		SolutionGuid = {F26CB3EA-F125-46D6-8689-BB026F1A3C43}
	EndGlobalSection
EndGlobal
